
Microsoft Visual Studio Solution File, Format Version 12.00
# Visual Studio 2012
Project("{2150E333-8FDC-42A3-9474-1A3956D46DE8}") = "Tests", "Tests", "{01252A2C-2E8A-405F-9EA8-0DD4D50FC7B3}"
EndProject
Project("{FAE04EC0-301F-11D3-BF4B-00C04F79EFBC}") = "TFSBuildExtensions.TestsWithFakes", "TFSBuildExtensions.TestsWithFakes\TFSBuildExtensions.TestsWithFakes.csproj", "{6AFCA9E1-B959-4BFD-9A33-CFCD396F1377}"
EndProject
Project("{FAE04EC0-301F-11D3-BF4B-00C04F79EFBC}") = "Activities", "..\..\Activities\Activities.csproj", "{CDF9FF31-B9DA-411E-B50E-38F9C4FA33E3}"
EndProject
Project("{FAE04EC0-301F-11D3-BF4B-00C04F79EFBC}") = "TfsUtilities", "..\..\TfsUtilities\TfsUtilities.csproj", "{BDD3B7A5-223A-460D-B48B-F28F7B79473A}"
EndProject
Global
	GlobalSection(TeamFoundationVersionControl) = preSolution
		SccNumberOfProjects = 4
		SccEnterpriseProvider = {4CA58AB2-18FA-4F8D-95D4-32DDF27D184C}
		SccTeamFoundationServer = https://tfs.codeplex.com/tfs/tfs08
		SccLocalPath0 = .
		SccProjectUniqueName1 = TFSBuildExtensions.TestsWithFakes\\TFSBuildExtensions.TestsWithFakes.csproj
		SccProjectTopLevelParentUniqueName1 = TFSBuildExtensions.TestsWithFakes.sln
		SccProjectName1 = TFSBuildExtensions.TestsWithFakes
		SccLocalPath1 = TFSBuildExtensions.TestsWithFakes
		SccProjectUniqueName2 = ..\\..\\Activities\\Activities.csproj
		SccProjectName2 = ../../Activities
		SccLocalPath2 = ..\\..\\Activities
		SccProjectUniqueName3 = ..\\..\\TfsUtilities\\TfsUtilities.csproj
		SccProjectName3 = ../../TfsUtilities
		SccLocalPath3 = ..\\..\\TfsUtilities
	EndGlobalSection
	GlobalSection(SolutionConfigurationPlatforms) = preSolution
		Debug|Any CPU = Debug|Any CPU
		Release|Any CPU = Release|Any CPU
	EndGlobalSection
	GlobalSection(ProjectConfigurationPlatforms) = postSolution
		{6AFCA9E1-B959-4BFD-9A33-CFCD396F1377}.Debug|Any CPU.ActiveCfg = Debug|Any CPU
		{6AFCA9E1-B959-4BFD-9A33-CFCD396F1377}.Debug|Any CPU.Build.0 = Debug|Any CPU
		{6AFCA9E1-B959-4BFD-9A33-CFCD396F1377}.Release|Any CPU.ActiveCfg = Release|Any CPU
		{6AFCA9E1-B959-4BFD-9A33-CFCD396F1377}.Release|Any CPU.Build.0 = Release|Any CPU
		{CDF9FF31-B9DA-411E-B50E-38F9C4FA33E3}.Debug|Any CPU.ActiveCfg = Debug|Any CPU
		{CDF9FF31-B9DA-411E-B50E-38F9C4FA33E3}.Debug|Any CPU.Build.0 = Debug|Any CPU
		{CDF9FF31-B9DA-411E-B50E-38F9C4FA33E3}.Release|Any CPU.ActiveCfg = Release|Any CPU
		{CDF9FF31-B9DA-411E-B50E-38F9C4FA33E3}.Release|Any CPU.Build.0 = Release|Any CPU
		{BDD3B7A5-223A-460D-B48B-F28F7B79473A}.Debug|Any CPU.ActiveCfg = Debug|Any CPU
		{BDD3B7A5-223A-460D-B48B-F28F7B79473A}.Debug|Any CPU.Build.0 = Debug|Any CPU
		{BDD3B7A5-223A-460D-B48B-F28F7B79473A}.Release|Any CPU.ActiveCfg = Release|Any CPU
		{BDD3B7A5-223A-460D-B48B-F28F7B79473A}.Release|Any CPU.Build.0 = Release|Any CPU
	EndGlobalSection
	GlobalSection(SolutionProperties) = preSolution
		HideSolutionNode = FALSE
	EndGlobalSection
	GlobalSection(NestedProjects) = preSolution
		{6AFCA9E1-B959-4BFD-9A33-CFCD396F1377} = {01252A2C-2E8A-405F-9EA8-0DD4D50FC7B3}
	EndGlobalSection
EndGlobal
