
Microsoft Visual Studio Solution File, Format Version 12.00
# Visual Studio 2012
Project("{2150E333-8FDC-42A3-9474-1A3956D46DE8}") = "Solution Items", "Solution Items", "{1F0A1FCE-1C3C-4EEA-8DFD-5DF620E14F30}"
	ProjectSection(SolutionItems) = preProject
		Community.TeamFoundation.Build.vsmdi = Community.TeamFoundation.Build.vsmdi
		Local.testsettings = Local.testsettings
		TraceAndTestImpact.testsettings = TraceAndTestImpact.testsettings
	EndProjectSection
EndProject
Project("{FAE04EC0-301F-11D3-BF4B-00C04F79EFBC}") = "Activities", "Activities\Activities.csproj", "{CDF9FF31-B9DA-411E-B50E-38F9C4FA33E3}"
EndProject
Project("{2150E333-8FDC-42A3-9474-1A3956D46DE8}") = "Common", "Common", "{A24CE129-702E-4379-8331-7CD9178FE57D}"
	ProjectSection(SolutionItems) = preProject
		Common\BaseActivity.cs = Common\BaseActivity.cs
		Common\BaseCodeActivity.cs = Common\BaseCodeActivity.cs
		Common\BaseCodeActivityGeneric.cs = Common\BaseCodeActivityGeneric.cs
		Common\BaseRemoteCodeActivity.cs = Common\BaseRemoteCodeActivity.cs
		Common\CodeAnalysis.Dictionary.xml = Common\CodeAnalysis.Dictionary.xml
		Common\FailingBuildException.cs = Common\FailingBuildException.cs
		Common\IBaseActivityMinimumArguments.cs = Common\IBaseActivityMinimumArguments.cs
		Common\License.rtf = Common\License.rtf
		Common\TFSBuildExtensions.ruleset = Common\TFSBuildExtensions.ruleset
	EndProjectSection
EndProject
Project("{FAE04EC0-301F-11D3-BF4B-00C04F79EFBC}") = "Activities.StyleCop", "Activities.StyleCop\Activities.StyleCop.csproj", "{06044CCE-E9A8-4829-AB31-2A59E5A0198E}"
EndProject
Project("{FAE04EC0-301F-11D3-BF4B-00C04F79EFBC}") = "TfsUtilities", "TfsUtilities\TfsUtilities.csproj", "{BDD3B7A5-223A-460D-B48B-F28F7B79473A}"
EndProject
Project("{2150E333-8FDC-42A3-9474-1A3956D46DE8}") = "Tests", "Tests", "{42C39294-9F7E-4626-8233-1B0340C2E870}"
EndProject
Project("{FAE04EC0-301F-11D3-BF4B-00C04F79EFBC}") = "Activities.VirtualPC", "Activities.VirtualPC\Activities.VirtualPC.csproj", "{775CE831-34FD-414D-9274-D50C31E712AE}"
EndProject
Project("{FAE04EC0-301F-11D3-BF4B-00C04F79EFBC}") = "Activities.IIS7", "Activities.IIS7\Activities.IIS7.csproj", "{7621C5C6-2A5D-47B4-9C97-4478062E15E3}"
EndProject
Project("{FAE04EC0-301F-11D3-BF4B-00C04F79EFBC}") = "Activities.ILMerge", "Activities.ILMerge\Activities.ILMerge.csproj", "{6F180BDE-FBE7-4905-898F-BC0929442A6A}"
EndProject
Project("{FAE04EC0-301F-11D3-BF4B-00C04F79EFBC}") = "Activities.AWS", "Activities.AWS\Activities.AWS.csproj", "{2B61C536-F276-4D4C-9D4E-643744E76B31}"
EndProject
Project("{FAE04EC0-301F-11D3-BF4B-00C04F79EFBC}") = "Activities.Azure", "Activities.Azure\Activities.Azure.csproj", "{DE0D6227-C561-4A5B-9245-6FF5DF077C38}"
EndProject
Project("{FAE04EC0-301F-11D3-BF4B-00C04F79EFBC}") = "Activities.LabManagement", "Activities.LabManagement\Activities.LabManagement.csproj", "{D5687B35-7BD9-45A7-89FA-DF9603052AD8}"
EndProject
Project("{FAE04EC0-301F-11D3-BF4B-00C04F79EFBC}") = "Activities.VirtualPC.RequiresVirtualPCTests", "Tests\Activities.VirtualPC.RequiresVirtualPCTests\Activities.VirtualPC.RequiresVirtualPCTests.csproj", "{BA4418DE-96FD-431C-949F-515AA8BE134C}"
EndProject
Project("{FAE04EC0-301F-11D3-BF4B-00C04F79EFBC}") = "Activities.AWS.Tests", "Tests\Activities.AWS.Tests\Activities.AWS.Tests.csproj", "{21B762B5-4009-461B-993D-E8B5E7A242AF}"
EndProject
Project("{FAE04EC0-301F-11D3-BF4B-00C04F79EFBC}") = "Activities.Azure.Tests", "Tests\Activities.Azure.Tests\Activities.Azure.Tests.csproj", "{AECEB397-BA5C-482C-93FD-4EB8A0CFDE7C}"
EndProject
Project("{FAE04EC0-301F-11D3-BF4B-00C04F79EFBC}") = "Activities.HyperV.RequiresHyperVTests", "Tests\Activities.HyperV.RequiresHyperVTests\Activities.HyperV.RequiresHyperVTests.csproj", "{D1BF30F9-4708-4EC6-A452-225C682FD5C4}"
EndProject
Project("{FAE04EC0-301F-11D3-BF4B-00C04F79EFBC}") = "Activities.IIS7.Tests", "Tests\Activities.IIS7.Tests\Activities.IIS7.Tests.csproj", "{B56E4250-73A6-4F4C-9ABC-7C82ED9C1F9E}"
EndProject
Project("{FAE04EC0-301F-11D3-BF4B-00C04F79EFBC}") = "Activities.ILMerge.Tests", "Tests\Activities.ILMerge.Tests\Activities.ILMerge.Tests.csproj", "{404686C4-474D-473D-B90F-FCF4DF035A74}"
EndProject
Project("{FAE04EC0-301F-11D3-BF4B-00C04F79EFBC}") = "Activities.StyleCop.Tests", "Tests\Activities.StyleCop.Tests\Activities.StyleCop.Tests.csproj", "{3913599F-E87C-410A-865C-EDCA3D3A3BC9}"
EndProject
Project("{FAE04EC0-301F-11D3-BF4B-00C04F79EFBC}") = "Activities.Tests", "Tests\Activities.Tests\Activities.Tests.csproj", "{AACA7634-9FDD-44E1-AAB4-7CC38739BEC6}"
EndProject
Project("{FAE04EC0-301F-11D3-BF4B-00C04F79EFBC}") = "BuildProcessTemplates", "BuildProcessTemplates\BuildProcessTemplates.csproj", "{98EC024C-6439-44B1-8B1E-29E457B2201F}"
EndProject
Global
	GlobalSection(TeamFoundationVersionControl) = preSolution
		SccEnterpriseProvider = {4CA58AB2-18FA-4F8D-95D4-32DDF27D184C}
		SccLocalPath0 = .
		SccLocalPath1 = Activities
		SccLocalPath10 = Tests\\Activities.VirtualPC.RequiresVirtualPCTests
		SccLocalPath11 = Tests\\Activities.AWS.Tests
		SccLocalPath12 = Tests\\Activities.Azure.Tests
		SccLocalPath13 = Tests\\Activities.HyperV.RequiresHyperVTests
		SccLocalPath14 = Tests\\Activities.IIS7.Tests
		SccLocalPath15 = Tests\\Activities.ILMerge.Tests
		SccLocalPath16 = Tests\\Activities.StyleCop.Tests
		SccLocalPath17 = Tests\\Activities.Tests
		SccLocalPath18 = BuildProcessTemplates
		SccLocalPath2 = Activities.StyleCop
		SccLocalPath3 = TfsUtilities
		SccLocalPath4 = Activities.VirtualPC
		SccLocalPath5 = Activities.IIS7
		SccLocalPath6 = Activities.ILMerge
		SccLocalPath7 = Activities.AWS
		SccLocalPath8 = Activities.Azure
		SccLocalPath9 = Activities.LabManagement
		SccNumberOfProjects = 19
		SccProjectName1 = Activities
		SccProjectName10 = Tests/Activities.VirtualPC.RequiresVirtualPCTests
		SccProjectName11 = Tests/Activities.AWS.Tests
		SccProjectName12 = Tests/Activities.Azure.Tests
		SccProjectName13 = Tests/Activities.HyperV.RequiresHyperVTests
		SccProjectName14 = Tests/Activities.IIS7.Tests
		SccProjectName15 = Tests/Activities.ILMerge.Tests
		SccProjectName16 = Tests/Activities.StyleCop.Tests
		SccProjectName17 = Tests/Activities.Tests
		SccProjectName18 = BuildProcessTemplates
		SccProjectName2 = Activities.StyleCop
		SccProjectName3 = TfsUtilities
		SccProjectName4 = Activities.VirtualPC
		SccProjectName5 = Activities.IIS7
		SccProjectName6 = Activities.ILMerge
		SccProjectName7 = Activities.AWS
		SccProjectName8 = Activities.Azure
		SccProjectName9 = Activities.LabManagement
		SccProjectTopLevelParentUniqueName10 = TFSBuildExtensions.sln
		SccProjectTopLevelParentUniqueName11 = TFSBuildExtensions.sln
		SccProjectTopLevelParentUniqueName12 = TFSBuildExtensions.sln
		SccProjectTopLevelParentUniqueName13 = TFSBuildExtensions.sln
		SccProjectTopLevelParentUniqueName14 = TFSBuildExtensions.sln
		SccProjectTopLevelParentUniqueName15 = TFSBuildExtensions.sln
		SccProjectTopLevelParentUniqueName16 = TFSBuildExtensions.sln
		SccProjectTopLevelParentUniqueName17 = TFSBuildExtensions.sln
		SccProjectUniqueName1 = Activities\\Activities.csproj
		SccProjectUniqueName10 = Tests\\Activities.VirtualPC.RequiresVirtualPCTests\\Activities.VirtualPC.RequiresVirtualPCTests.csproj
		SccProjectUniqueName11 = Tests\\Activities.AWS.Tests\\Activities.AWS.Tests.csproj
		SccProjectUniqueName12 = Tests\\Activities.Azure.Tests\\Activities.Azure.Tests.csproj
		SccProjectUniqueName13 = Tests\\Activities.HyperV.RequiresHyperVTests\\Activities.HyperV.RequiresHyperVTests.csproj
		SccProjectUniqueName14 = Tests\\Activities.IIS7.Tests\\Activities.IIS7.Tests.csproj
		SccProjectUniqueName15 = Tests\\Activities.ILMerge.Tests\\Activities.ILMerge.Tests.csproj
		SccProjectUniqueName16 = Tests\\Activities.StyleCop.Tests\\Activities.StyleCop.Tests.csproj
		SccProjectUniqueName17 = Tests\\Activities.Tests\\Activities.Tests.csproj
		SccProjectUniqueName18 = BuildProcessTemplates\\BuildProcessTemplates.csproj
		SccProjectUniqueName2 = Activities.StyleCop\\Activities.StyleCop.csproj
		SccProjectUniqueName3 = TfsUtilities\\TfsUtilities.csproj
		SccProjectUniqueName4 = Activities.VirtualPC\\Activities.VirtualPC.csproj
		SccProjectUniqueName5 = Activities.IIS7\\Activities.IIS7.csproj
		SccProjectUniqueName6 = Activities.ILMerge\\Activities.ILMerge.csproj
		SccProjectUniqueName7 = Activities.AWS\\Activities.AWS.csproj
		SccProjectUniqueName8 = Activities.Azure\\Activities.Azure.csproj
		SccProjectUniqueName9 = Activities.LabManagement\\Activities.LabManagement.csproj
		SccTeamFoundationServer = https://tfs.codeplex.com/tfs/tfs08
	EndGlobalSection
	GlobalSection(TestCaseManagementSettings) = postSolution
		CategoryFile = Community.TeamFoundation.Build.vsmdi
	EndGlobalSection
	GlobalSection(SolutionConfigurationPlatforms) = preSolution
		Debug|Any CPU = Debug|Any CPU
		Release|Any CPU = Release|Any CPU
	EndGlobalSection
	GlobalSection(ProjectConfigurationPlatforms) = postSolution
		{06044CCE-E9A8-4829-AB31-2A59E5A0198E}.Debug|Any CPU.ActiveCfg = Debug|Any CPU
		{06044CCE-E9A8-4829-AB31-2A59E5A0198E}.Debug|Any CPU.Build.0 = Debug|Any CPU
		{06044CCE-E9A8-4829-AB31-2A59E5A0198E}.Release|Any CPU.ActiveCfg = Release|Any CPU
		{06044CCE-E9A8-4829-AB31-2A59E5A0198E}.Release|Any CPU.Build.0 = Release|Any CPU
		{21B762B5-4009-461B-993D-E8B5E7A242AF}.Debug|Any CPU.ActiveCfg = Debug|Any CPU
		{21B762B5-4009-461B-993D-E8B5E7A242AF}.Debug|Any CPU.Build.0 = Debug|Any CPU
		{21B762B5-4009-461B-993D-E8B5E7A242AF}.Release|Any CPU.ActiveCfg = Release|Any CPU
		{2B61C536-F276-4D4C-9D4E-643744E76B31}.Debug|Any CPU.ActiveCfg = Debug|Any CPU
		{2B61C536-F276-4D4C-9D4E-643744E76B31}.Debug|Any CPU.Build.0 = Debug|Any CPU
		{2B61C536-F276-4D4C-9D4E-643744E76B31}.Release|Any CPU.ActiveCfg = Release|Any CPU
		{2B61C536-F276-4D4C-9D4E-643744E76B31}.Release|Any CPU.Build.0 = Release|Any CPU
		{3913599F-E87C-410A-865C-EDCA3D3A3BC9}.Debug|Any CPU.ActiveCfg = Debug|Any CPU
		{3913599F-E87C-410A-865C-EDCA3D3A3BC9}.Debug|Any CPU.Build.0 = Debug|Any CPU
		{3913599F-E87C-410A-865C-EDCA3D3A3BC9}.Release|Any CPU.ActiveCfg = Release|Any CPU
		{404686C4-474D-473D-B90F-FCF4DF035A74}.Debug|Any CPU.ActiveCfg = Debug|Any CPU
		{404686C4-474D-473D-B90F-FCF4DF035A74}.Debug|Any CPU.Build.0 = Debug|Any CPU
		{404686C4-474D-473D-B90F-FCF4DF035A74}.Release|Any CPU.ActiveCfg = Release|Any CPU
		{6F180BDE-FBE7-4905-898F-BC0929442A6A}.Debug|Any CPU.ActiveCfg = Debug|Any CPU
		{6F180BDE-FBE7-4905-898F-BC0929442A6A}.Debug|Any CPU.Build.0 = Debug|Any CPU
		{6F180BDE-FBE7-4905-898F-BC0929442A6A}.Release|Any CPU.ActiveCfg = Release|Any CPU
		{6F180BDE-FBE7-4905-898F-BC0929442A6A}.Release|Any CPU.Build.0 = Release|Any CPU
		{7621C5C6-2A5D-47B4-9C97-4478062E15E3}.Debug|Any CPU.ActiveCfg = Debug|Any CPU
		{7621C5C6-2A5D-47B4-9C97-4478062E15E3}.Debug|Any CPU.Build.0 = Debug|Any CPU
		{7621C5C6-2A5D-47B4-9C97-4478062E15E3}.Release|Any CPU.ActiveCfg = Release|Any CPU
		{7621C5C6-2A5D-47B4-9C97-4478062E15E3}.Release|Any CPU.Build.0 = Release|Any CPU
		{775CE831-34FD-414D-9274-D50C31E712AE}.Debug|Any CPU.ActiveCfg = Debug|Any CPU
		{775CE831-34FD-414D-9274-D50C31E712AE}.Debug|Any CPU.Build.0 = Debug|Any CPU
		{775CE831-34FD-414D-9274-D50C31E712AE}.Release|Any CPU.ActiveCfg = Release|Any CPU
		{775CE831-34FD-414D-9274-D50C31E712AE}.Release|Any CPU.Build.0 = Release|Any CPU
		{98EC024C-6439-44B1-8B1E-29E457B2201F}.Debug|Any CPU.ActiveCfg = Debug|Any CPU
		{98EC024C-6439-44B1-8B1E-29E457B2201F}.Debug|Any CPU.Build.0 = Debug|Any CPU
		{98EC024C-6439-44B1-8B1E-29E457B2201F}.Release|Any CPU.ActiveCfg = Release|Any CPU
		{98EC024C-6439-44B1-8B1E-29E457B2201F}.Release|Any CPU.Build.0 = Release|Any CPU
		{AACA7634-9FDD-44E1-AAB4-7CC38739BEC6}.Debug|Any CPU.ActiveCfg = Debug|Any CPU
		{AACA7634-9FDD-44E1-AAB4-7CC38739BEC6}.Release|Any CPU.ActiveCfg = Release|Any CPU
		{AECEB397-BA5C-482C-93FD-4EB8A0CFDE7C}.Debug|Any CPU.ActiveCfg = Debug|Any CPU
		{AECEB397-BA5C-482C-93FD-4EB8A0CFDE7C}.Debug|Any CPU.Build.0 = Debug|Any CPU
		{AECEB397-BA5C-482C-93FD-4EB8A0CFDE7C}.Release|Any CPU.ActiveCfg = Release|Any CPU
		{B56E4250-73A6-4F4C-9ABC-7C82ED9C1F9E}.Debug|Any CPU.ActiveCfg = Debug|Any CPU
		{B56E4250-73A6-4F4C-9ABC-7C82ED9C1F9E}.Debug|Any CPU.Build.0 = Debug|Any CPU
		{B56E4250-73A6-4F4C-9ABC-7C82ED9C1F9E}.Release|Any CPU.ActiveCfg = Release|Any CPU
		{BA4418DE-96FD-431C-949F-515AA8BE134C}.Debug|Any CPU.ActiveCfg = Debug|Any CPU
		{BA4418DE-96FD-431C-949F-515AA8BE134C}.Debug|Any CPU.Build.0 = Debug|Any CPU
		{BA4418DE-96FD-431C-949F-515AA8BE134C}.Release|Any CPU.ActiveCfg = Release|Any CPU
		{BDD3B7A5-223A-460D-B48B-F28F7B79473A}.Debug|Any CPU.ActiveCfg = Debug|Any CPU
		{BDD3B7A5-223A-460D-B48B-F28F7B79473A}.Debug|Any CPU.Build.0 = Debug|Any CPU
		{BDD3B7A5-223A-460D-B48B-F28F7B79473A}.Release|Any CPU.ActiveCfg = Release|Any CPU
		{BDD3B7A5-223A-460D-B48B-F28F7B79473A}.Release|Any CPU.Build.0 = Release|Any CPU
		{CDF9FF31-B9DA-411E-B50E-38F9C4FA33E3}.Debug|Any CPU.ActiveCfg = Debug|Any CPU
		{CDF9FF31-B9DA-411E-B50E-38F9C4FA33E3}.Debug|Any CPU.Build.0 = Debug|Any CPU
		{CDF9FF31-B9DA-411E-B50E-38F9C4FA33E3}.Release|Any CPU.ActiveCfg = Release|Any CPU
		{CDF9FF31-B9DA-411E-B50E-38F9C4FA33E3}.Release|Any CPU.Build.0 = Release|Any CPU
		{D1BF30F9-4708-4EC6-A452-225C682FD5C4}.Debug|Any CPU.ActiveCfg = Debug|Any CPU
		{D1BF30F9-4708-4EC6-A452-225C682FD5C4}.Debug|Any CPU.Build.0 = Debug|Any CPU
		{D1BF30F9-4708-4EC6-A452-225C682FD5C4}.Release|Any CPU.ActiveCfg = Release|Any CPU
		{D5687B35-7BD9-45A7-89FA-DF9603052AD8}.Debug|Any CPU.ActiveCfg = Debug|Any CPU
		{D5687B35-7BD9-45A7-89FA-DF9603052AD8}.Debug|Any CPU.Build.0 = Debug|Any CPU
		{D5687B35-7BD9-45A7-89FA-DF9603052AD8}.Release|Any CPU.ActiveCfg = Release|Any CPU
		{D5687B35-7BD9-45A7-89FA-DF9603052AD8}.Release|Any CPU.Build.0 = Release|Any CPU
		{DE0D6227-C561-4A5B-9245-6FF5DF077C38}.Debug|Any CPU.ActiveCfg = Debug|Any CPU
		{DE0D6227-C561-4A5B-9245-6FF5DF077C38}.Debug|Any CPU.Build.0 = Debug|Any CPU
		{DE0D6227-C561-4A5B-9245-6FF5DF077C38}.Release|Any CPU.ActiveCfg = Release|Any CPU
		{DE0D6227-C561-4A5B-9245-6FF5DF077C38}.Release|Any CPU.Build.0 = Release|Any CPU
	EndGlobalSection
	GlobalSection(SolutionProperties) = preSolution
		HideSolutionNode = FALSE
	EndGlobalSection
	GlobalSection(NestedProjects) = preSolution
		{21B762B5-4009-461B-993D-E8B5E7A242AF} = {42C39294-9F7E-4626-8233-1B0340C2E870}
		{3913599F-E87C-410A-865C-EDCA3D3A3BC9} = {42C39294-9F7E-4626-8233-1B0340C2E870}
		{404686C4-474D-473D-B90F-FCF4DF035A74} = {42C39294-9F7E-4626-8233-1B0340C2E870}
		{AACA7634-9FDD-44E1-AAB4-7CC38739BEC6} = {42C39294-9F7E-4626-8233-1B0340C2E870}
		{AECEB397-BA5C-482C-93FD-4EB8A0CFDE7C} = {42C39294-9F7E-4626-8233-1B0340C2E870}
		{B56E4250-73A6-4F4C-9ABC-7C82ED9C1F9E} = {42C39294-9F7E-4626-8233-1B0340C2E870}
		{BA4418DE-96FD-431C-949F-515AA8BE134C} = {42C39294-9F7E-4626-8233-1B0340C2E870}
		{D1BF30F9-4708-4EC6-A452-225C682FD5C4} = {42C39294-9F7E-4626-8233-1B0340C2E870}
	EndGlobalSection
EndGlobal
