
Microsoft Visual Studio Solution File, Format Version 12.00
# Visual Studio 2012
Project("{FAE04EC0-301F-11D3-BF4B-00C04F79EFBC}") = "CustomProcesses", "CustomProcesses\CustomProcesses.csproj", "{98EC024C-6439-44B1-8B1E-29E457B2201F}"
EndProject
Project("{FAE04EC0-301F-11D3-BF4B-00C04F79EFBC}") = "CustomActivities", "CustomActivities\CustomActivities.csproj", "{60B385E5-78FE-4456-8228-B1599C25EE1D}"
EndProject
Global
	GlobalSection(TeamFoundationVersionControl) = preSolution
		SccEnterpriseProvider = {4CA58AB2-18FA-4F8D-95D4-32DDF27D184C}
		SccLocalPath0 = .
		SccLocalPath1 = CustomActivities
		SccLocalPath2 = CustomProcesses
		SccNumberOfProjects = 3
		SccProjectName1 = CustomActivities
		SccProjectName2 = CustomProcesses
		SccProjectUniqueName1 = CustomActivities\\CustomActivities.csproj
		SccProjectUniqueName2 = CustomProcesses\\CustomProcesses.csproj
		SccTeamFoundationServer = https://tfs.codeplex.com/tfs/tfs08
	EndGlobalSection
	GlobalSection(SolutionConfigurationPlatforms) = preSolution
		Debug|Any CPU = Debug|Any CPU
		Release|Any CPU = Release|Any CPU
	EndGlobalSection
	GlobalSection(ProjectConfigurationPlatforms) = postSolution
		{60B385E5-78FE-4456-8228-B1599C25EE1D}.Debug|Any CPU.ActiveCfg = Debug|Any CPU
		{60B385E5-78FE-4456-8228-B1599C25EE1D}.Debug|Any CPU.Build.0 = Debug|Any CPU
		{60B385E5-78FE-4456-8228-B1599C25EE1D}.Release|Any CPU.ActiveCfg = Release|Any CPU
		{60B385E5-78FE-4456-8228-B1599C25EE1D}.Release|Any CPU.Build.0 = Release|Any CPU
		{98EC024C-6439-44B1-8B1E-29E457B2201F}.Debug|Any CPU.ActiveCfg = Debug|Any CPU
		{98EC024C-6439-44B1-8B1E-29E457B2201F}.Debug|Any CPU.Build.0 = Debug|Any CPU
		{98EC024C-6439-44B1-8B1E-29E457B2201F}.Release|Any CPU.ActiveCfg = Release|Any CPU
		{98EC024C-6439-44B1-8B1E-29E457B2201F}.Release|Any CPU.Build.0 = Release|Any CPU
	EndGlobalSection
	GlobalSection(SolutionProperties) = preSolution
		HideSolutionNode = FALSE
	EndGlobalSection
EndGlobal
